
Microsoft Visual Studio Solution File, Format Version 12.00
# Visual Studio Version 17
VisualStudioVersion = 17.0.31903.59
MinimumVisualStudioVersion = 10.0.40219.1
Project("{FAE04EC0-301F-11D3-BF4B-00C04F79EFBC}") = "AllGaragem.Api", "AllGaragem\AllGaragem.Api.csproj", "{A4861E2D-23A9-45DD-82E3-7F3B66B8ECD1}"
EndProject
Project("{FAE04EC0-301F-11D3-BF4B-00C04F79EFBC}") = "AllGaragem.Domain", "AllGaragem.Domain\AllGaragem.Domain.csproj", "{7180D5C5-FFF8-4194-A0C3-331AD2F6E37E}"
EndProject
Project("{FAE04EC0-301F-11D3-BF4B-00C04F79EFBC}") = "AllGaragem.Infrastructure", "AllGaragem.Infrastructure\AllGaragem.Infrastructure.csproj", "{78A7B51B-7BF8-4FC7-B84F-5E8043ED2D5B}"
EndProject
Project("{FAE04EC0-301F-11D3-BF4B-00C04F79EFBC}") = "AllGaragem.Application", "AllGaragem.Application\AllGaragem.Application.csproj", "{06BCCD28-0D08-8FAF-BAF3-148B4C841D33}"
EndProject
Project("{FAE04EC0-301F-11D3-BF4B-00C04F79EFBC}") = "AllGaragem.IoC", "AllGaragem.IoC\AllGaragem.IoC.csproj", "{6AB4899C-6870-4773-92C4-542412AC4D6E}"
EndProject
Global
	GlobalSection(SolutionConfigurationPlatforms) = preSolution
		Debug|Any CPU = Debug|Any CPU
		Debug|x64 = Debug|x64
		Debug|x86 = Debug|x86
		Release|Any CPU = Release|Any CPU
		Release|x64 = Release|x64
		Release|x86 = Release|x86
	EndGlobalSection
	GlobalSection(ProjectConfigurationPlatforms) = postSolution
		{A4861E2D-23A9-45DD-82E3-7F3B66B8ECD1}.Debug|Any CPU.ActiveCfg = Debug|Any CPU
		{A4861E2D-23A9-45DD-82E3-7F3B66B8ECD1}.Debug|Any CPU.Build.0 = Debug|Any CPU
		{A4861E2D-23A9-45DD-82E3-7F3B66B8ECD1}.Debug|x64.ActiveCfg = Debug|Any CPU
		{A4861E2D-23A9-45DD-82E3-7F3B66B8ECD1}.Debug|x64.Build.0 = Debug|Any CPU
		{A4861E2D-23A9-45DD-82E3-7F3B66B8ECD1}.Debug|x86.ActiveCfg = Debug|Any CPU
		{A4861E2D-23A9-45DD-82E3-7F3B66B8ECD1}.Debug|x86.Build.0 = Debug|Any CPU
		{A4861E2D-23A9-45DD-82E3-7F3B66B8ECD1}.Release|Any CPU.ActiveCfg = Release|Any CPU
		{A4861E2D-23A9-45DD-82E3-7F3B66B8ECD1}.Release|Any CPU.Build.0 = Release|Any CPU
		{A4861E2D-23A9-45DD-82E3-7F3B66B8ECD1}.Release|x64.ActiveCfg = Release|Any CPU
		{A4861E2D-23A9-45DD-82E3-7F3B66B8ECD1}.Release|x64.Build.0 = Release|Any CPU
		{A4861E2D-23A9-45DD-82E3-7F3B66B8ECD1}.Release|x86.ActiveCfg = Release|Any CPU
		{A4861E2D-23A9-45DD-82E3-7F3B66B8ECD1}.Release|x86.Build.0 = Release|Any CPU
		{7180D5C5-FFF8-4194-A0C3-331AD2F6E37E}.Debug|Any CPU.ActiveCfg = Debug|Any CPU
		{7180D5C5-FFF8-4194-A0C3-331AD2F6E37E}.Debug|Any CPU.Build.0 = Debug|Any CPU
		{7180D5C5-FFF8-4194-A0C3-331AD2F6E37E}.Debug|x64.ActiveCfg = Debug|Any CPU
		{7180D5C5-FFF8-4194-A0C3-331AD2F6E37E}.Debug|x64.Build.0 = Debug|Any CPU
		{7180D5C5-FFF8-4194-A0C3-331AD2F6E37E}.Debug|x86.ActiveCfg = Debug|Any CPU
		{7180D5C5-FFF8-4194-A0C3-331AD2F6E37E}.Debug|x86.Build.0 = Debug|Any CPU
		{7180D5C5-FFF8-4194-A0C3-331AD2F6E37E}.Release|Any CPU.ActiveCfg = Release|Any CPU
		{7180D5C5-FFF8-4194-A0C3-331AD2F6E37E}.Release|Any CPU.Build.0 = Release|Any CPU
		{7180D5C5-FFF8-4194-A0C3-331AD2F6E37E}.Release|x64.ActiveCfg = Release|Any CPU
		{7180D5C5-FFF8-4194-A0C3-331AD2F6E37E}.Release|x64.Build.0 = Release|Any CPU
		{7180D5C5-FFF8-4194-A0C3-331AD2F6E37E}.Release|x86.ActiveCfg = Release|Any CPU
		{7180D5C5-FFF8-4194-A0C3-331AD2F6E37E}.Release|x86.Build.0 = Release|Any CPU
		{78A7B51B-7BF8-4FC7-B84F-5E8043ED2D5B}.Debug|Any CPU.ActiveCfg = Debug|Any CPU
		{78A7B51B-7BF8-4FC7-B84F-5E8043ED2D5B}.Debug|Any CPU.Build.0 = Debug|Any CPU
		{78A7B51B-7BF8-4FC7-B84F-5E8043ED2D5B}.Debug|x64.ActiveCfg = Debug|Any CPU
		{78A7B51B-7BF8-4FC7-B84F-5E8043ED2D5B}.Debug|x64.Build.0 = Debug|Any CPU
		{78A7B51B-7BF8-4FC7-B84F-5E8043ED2D5B}.Debug|x86.ActiveCfg = Debug|Any CPU
		{78A7B51B-7BF8-4FC7-B84F-5E8043ED2D5B}.Debug|x86.Build.0 = Debug|Any CPU
		{78A7B51B-7BF8-4FC7-B84F-5E8043ED2D5B}.Release|Any CPU.ActiveCfg = Release|Any CPU
		{78A7B51B-7BF8-4FC7-B84F-5E8043ED2D5B}.Release|Any CPU.Build.0 = Release|Any CPU
		{78A7B51B-7BF8-4FC7-B84F-5E8043ED2D5B}.Release|x64.ActiveCfg = Release|Any CPU
		{78A7B51B-7BF8-4FC7-B84F-5E8043ED2D5B}.Release|x64.Build.0 = Release|Any CPU
		{78A7B51B-7BF8-4FC7-B84F-5E8043ED2D5B}.Release|x86.ActiveCfg = Release|Any CPU
		{78A7B51B-7BF8-4FC7-B84F-5E8043ED2D5B}.Release|x86.Build.0 = Release|Any CPU
		{06BCCD28-0D08-8FAF-BAF3-148B4C841D33}.Debug|Any CPU.ActiveCfg = Debug|Any CPU
		{06BCCD28-0D08-8FAF-BAF3-148B4C841D33}.Debug|Any CPU.Build.0 = Debug|Any CPU
		{06BCCD28-0D08-8FAF-BAF3-148B4C841D33}.Debug|x64.ActiveCfg = Debug|Any CPU
		{06BCCD28-0D08-8FAF-BAF3-148B4C841D33}.Debug|x64.Build.0 = Debug|Any CPU
		{06BCCD28-0D08-8FAF-BAF3-148B4C841D33}.Debug|x86.ActiveCfg = Debug|Any CPU
		{06BCCD28-0D08-8FAF-BAF3-148B4C841D33}.Debug|x86.Build.0 = Debug|Any CPU
		{06BCCD28-0D08-8FAF-BAF3-148B4C841D33}.Release|Any CPU.ActiveCfg = Release|Any CPU
		{06BCCD28-0D08-8FAF-BAF3-148B4C841D33}.Release|Any CPU.Build.0 = Release|Any CPU
		{06BCCD28-0D08-8FAF-BAF3-148B4C841D33}.Release|x64.ActiveCfg = Release|Any CPU
		{06BCCD28-0D08-8FAF-BAF3-148B4C841D33}.Release|x64.Build.0 = Release|Any CPU
		{06BCCD28-0D08-8FAF-BAF3-148B4C841D33}.Release|x86.ActiveCfg = Release|Any CPU
		{06BCCD28-0D08-8FAF-BAF3-148B4C841D33}.Release|x86.Build.0 = Release|Any CPU
		{6AB4899C-6870-4773-92C4-542412AC4D6E}.Debug|Any CPU.ActiveCfg = Debug|Any CPU
		{6AB4899C-6870-4773-92C4-542412AC4D6E}.Debug|Any CPU.Build.0 = Debug|Any CPU
		{6AB4899C-6870-4773-92C4-542412AC4D6E}.Debug|x64.ActiveCfg = Debug|Any CPU
		{6AB4899C-6870-4773-92C4-542412AC4D6E}.Debug|x64.Build.0 = Debug|Any CPU
		{6AB4899C-6870-4773-92C4-542412AC4D6E}.Debug|x86.ActiveCfg = Debug|Any CPU
		{6AB4899C-6870-4773-92C4-542412AC4D6E}.Debug|x86.Build.0 = Debug|Any CPU
		{6AB4899C-6870-4773-92C4-542412AC4D6E}.Release|Any CPU.ActiveCfg = Release|Any CPU
		{6AB4899C-6870-4773-92C4-542412AC4D6E}.Release|Any CPU.Build.0 = Release|Any CPU
		{6AB4899C-6870-4773-92C4-542412AC4D6E}.Release|x64.ActiveCfg = Release|Any CPU
		{6AB4899C-6870-4773-92C4-542412AC4D6E}.Release|x64.Build.0 = Release|Any CPU
		{6AB4899C-6870-4773-92C4-542412AC4D6E}.Release|x86.ActiveCfg = Release|Any CPU
		{6AB4899C-6870-4773-92C4-542412AC4D6E}.Release|x86.Build.0 = Release|Any CPU
	EndGlobalSection
	GlobalSection(SolutionProperties) = preSolution
		HideSolutionNode = FALSE
	EndGlobalSection
	GlobalSection(ExtensibilityGlobals) = postSolution
		SolutionGuid = {0D3FE0F0-76CC-4846-821C-CC6500DA59D5}
	EndGlobalSection
EndGlobal
